
Microsoft Visual Studio Solution File, Format Version 12.00
# Visual Studio Version 16
VisualStudioVersion = 16.0.31729.503
MinimumVisualStudioVersion = 10.0.40219.1
Project("{FAE04EC0-301F-11D3-BF4B-00C04F79EFBC}") = "OperacionesCalculadora", "OperacionesCalculadora\OperacionesCalculadora.csproj", "{A12AE301-C57D-4340-BDF3-DCA490ABA514}"
EndProject
Project("{FAE04EC0-301F-11D3-BF4B-00C04F79EFBC}") = "Suma", "Suma\Suma.csproj", "{DEFC6C6B-2303-4FAB-8F94-ABBCE00B9ABF}"
EndProject
Project("{FAE04EC0-301F-11D3-BF4B-00C04F79EFBC}") = "Resta", "Resta\Resta.csproj", "{823554FB-6E46-40C0-84B9-E063CA539777}"
EndProject
Global
	GlobalSection(SolutionConfigurationPlatforms) = preSolution
		Debug|Any CPU = Debug|Any CPU
		Release|Any CPU = Release|Any CPU
	EndGlobalSection
	GlobalSection(ProjectConfigurationPlatforms) = postSolution
		{A12AE301-C57D-4340-BDF3-DCA490ABA514}.Debug|Any CPU.ActiveCfg = Debug|Any CPU
		{A12AE301-C57D-4340-BDF3-DCA490ABA514}.Debug|Any CPU.Build.0 = Debug|Any CPU
		{A12AE301-C57D-4340-BDF3-DCA490ABA514}.Release|Any CPU.ActiveCfg = Release|Any CPU
		{A12AE301-C57D-4340-BDF3-DCA490ABA514}.Release|Any CPU.Build.0 = Release|Any CPU
		{DEFC6C6B-2303-4FAB-8F94-ABBCE00B9ABF}.Debug|Any CPU.ActiveCfg = Debug|Any CPU
		{DEFC6C6B-2303-4FAB-8F94-ABBCE00B9ABF}.Debug|Any CPU.Build.0 = Debug|Any CPU
		{DEFC6C6B-2303-4FAB-8F94-ABBCE00B9ABF}.Release|Any CPU.ActiveCfg = Release|Any CPU
		{DEFC6C6B-2303-4FAB-8F94-ABBCE00B9ABF}.Release|Any CPU.Build.0 = Release|Any CPU
		{823554FB-6E46-40C0-84B9-E063CA539777}.Debug|Any CPU.ActiveCfg = Debug|Any CPU
		{823554FB-6E46-40C0-84B9-E063CA539777}.Debug|Any CPU.Build.0 = Debug|Any CPU
		{823554FB-6E46-40C0-84B9-E063CA539777}.Release|Any CPU.ActiveCfg = Release|Any CPU
		{823554FB-6E46-40C0-84B9-E063CA539777}.Release|Any CPU.Build.0 = Release|Any CPU
	EndGlobalSection
	GlobalSection(SolutionProperties) = preSolution
		HideSolutionNode = FALSE
	EndGlobalSection
	GlobalSection(ExtensibilityGlobals) = postSolution
		SolutionGuid = {7ED0A31B-1A0C-4428-8EE2-5C569377A85E}
	EndGlobalSection
EndGlobal
